
Microsoft Visual Studio Solution File, Format Version 12.00
# Visual Studio 15
VisualStudioVersion = 15.0.28010.2026
MinimumVisualStudioVersion = 10.0.40219.1
Project("{FAE04EC0-301F-11D3-BF4B-00C04F79EFBC}") = "GraMonolitycznie", "GraMonolitycznie\GraMonolitycznie.csproj", "{D0183326-1662-40AC-91D4-C7C1073C2AF3}"
EndProject
Project("{FAE04EC0-301F-11D3-BF4B-00C04F79EFBC}") = "HelloConsoleBatch", "HelloConsoleBatch\HelloConsoleBatch.csproj", "{ED4B6EE3-1140-4C70-887C-11C6A4B3F458}"
EndProject
Project("{FAE04EC0-301F-11D3-BF4B-00C04F79EFBC}") = "HelloConsoleVBDialog", "HelloConsoleVBDialog\HelloConsoleVBDialog.csproj", "{7626714D-372C-4EFD-83BA-E467A1C7398F}"
EndProject
Global
	GlobalSection(SolutionConfigurationPlatforms) = preSolution
		Debug|Any CPU = Debug|Any CPU
		Release|Any CPU = Release|Any CPU
	EndGlobalSection
	GlobalSection(ProjectConfigurationPlatforms) = postSolution
		{D0183326-1662-40AC-91D4-C7C1073C2AF3}.Debug|Any CPU.ActiveCfg = Debug|Any CPU
		{D0183326-1662-40AC-91D4-C7C1073C2AF3}.Debug|Any CPU.Build.0 = Debug|Any CPU
		{D0183326-1662-40AC-91D4-C7C1073C2AF3}.Release|Any CPU.ActiveCfg = Release|Any CPU
		{D0183326-1662-40AC-91D4-C7C1073C2AF3}.Release|Any CPU.Build.0 = Release|Any CPU
		{ED4B6EE3-1140-4C70-887C-11C6A4B3F458}.Debug|Any CPU.ActiveCfg = Debug|Any CPU
		{ED4B6EE3-1140-4C70-887C-11C6A4B3F458}.Debug|Any CPU.Build.0 = Debug|Any CPU
		{ED4B6EE3-1140-4C70-887C-11C6A4B3F458}.Release|Any CPU.ActiveCfg = Release|Any CPU
		{ED4B6EE3-1140-4C70-887C-11C6A4B3F458}.Release|Any CPU.Build.0 = Release|Any CPU
		{7626714D-372C-4EFD-83BA-E467A1C7398F}.Debug|Any CPU.ActiveCfg = Debug|Any CPU
		{7626714D-372C-4EFD-83BA-E467A1C7398F}.Debug|Any CPU.Build.0 = Debug|Any CPU
		{7626714D-372C-4EFD-83BA-E467A1C7398F}.Release|Any CPU.ActiveCfg = Release|Any CPU
		{7626714D-372C-4EFD-83BA-E467A1C7398F}.Release|Any CPU.Build.0 = Release|Any CPU
	EndGlobalSection
	GlobalSection(SolutionProperties) = preSolution
		HideSolutionNode = FALSE
	EndGlobalSection
	GlobalSection(ExtensibilityGlobals) = postSolution
		SolutionGuid = {F9838825-4D39-4699-B41B-FBC0A7243F4C}
	EndGlobalSection
EndGlobal
